{
  "name": "ksoft",
  "version": "1.0.0",
  "lockfileVersion": 1,
  "requires": true,
  "dependencies": {
    "centra": {
      "version": "2.1.0",
      "resolved": "https://registry.npmjs.org/centra/-/centra-2.1.0.tgz",
      "integrity": "sha512-JATN/v58MpRKe9wr1XwopPvExWAjJ01mfQxngCv/yBYmOYK+klkQg33V+085DZjJ8CqhBsbLeH9IKztBMF6k1g=="
    },
    "phin": {
      "version": "3.0.0",
      "resolved": "https://registry.npmjs.org/phin/-/phin-3.0.0.tgz",
      "integrity": "sha512-iejMaVfU4mcvv2EJsf0oePKZhjOUuS+AxSD0R7+Nbqj4bqLoAunsoAEWlKtDY02IKCw8sFoodC3ULWsFa0mCJA==",
      "requires": {
        "centra": "^2.1.0"
      }
    }
  }
}
